
Microsoft Visual Studio Solution File, Format Version 12.00
# Visual Studio Version 16
VisualStudioVersion = 16.0.30804.86
MinimumVisualStudioVersion = 10.0.40219.1
Project("{FAE04EC0-301F-11D3-BF4B-00C04F79EFBC}") = "AuthJWT", "AuthJWT\AuthJWT.csproj", "{1D4DCFAB-9FD0-4E59-896D-904F1EAE4D6C}"
EndProject
Global
	GlobalSection(SolutionConfigurationPlatforms) = preSolution
		Debug|Any CPU = Debug|Any CPU
		Release|Any CPU = Release|Any CPU
	EndGlobalSection
	GlobalSection(ProjectConfigurationPlatforms) = postSolution
		{1D4DCFAB-9FD0-4E59-896D-904F1EAE4D6C}.Debug|Any CPU.ActiveCfg = Debug|Any CPU
		{1D4DCFAB-9FD0-4E59-896D-904F1EAE4D6C}.Debug|Any CPU.Build.0 = Debug|Any CPU
		{1D4DCFAB-9FD0-4E59-896D-904F1EAE4D6C}.Release|Any CPU.ActiveCfg = Release|Any CPU
		{1D4DCFAB-9FD0-4E59-896D-904F1EAE4D6C}.Release|Any CPU.Build.0 = Release|Any CPU
	EndGlobalSection
	GlobalSection(SolutionProperties) = preSolution
		HideSolutionNode = FALSE
	EndGlobalSection
	GlobalSection(ExtensibilityGlobals) = postSolution
		SolutionGuid = {46E1AEE6-EFC3-4644-8EB7-86BA0740711A}
	EndGlobalSection
EndGlobal
